<Solution>
  <Folder Name="/src/">
    <Project Path="src/RimworldExtractor.Application/RimworldExtractor.Application.csproj" />
    <Project Path="src/RimworldExtractor.Cli/RimworldExtractor.Cli.csproj" />
    <Project Path="src/RimworldExtractor.Domain/RimworldExtractor.Domain.csproj" />
    <Project Path="src/RimworldExtractor.Infrastructure/RimworldExtractor.Infrastructure.csproj" />
    <Project Path="src/RimworldExtractor.Plugins/RimworldExtractor.Plugins.csproj" />
    <Project Path="src/RimworldExtractor.Ui.Avalonia/RimworldExtractor.Ui.Avalonia.csproj" />
  </Folder>
  <Folder Name="/tests/">
    <Project Path="tests/RimworldExtractor.Application.Tests/RimworldExtractor.Application.Tests.csproj" />
    <Project Path="tests/RimworldExtractor.Domain.Tests/RimworldExtractor.Domain.Tests.csproj" />
    <Project Path="tests/RimworldExtractor.Infrastructure.Tests/RimworldExtractor.Infrastructure.Tests.csproj" />
    <Project Path="tests/RimworldExtractor.Integration.Tests/RimworldExtractor.Integration.Tests.csproj" />
  </Folder>
</Solution>
